// !$*UTF8*$!
{
	archiveVersion = 1;
	classes = {
	};
	objectVersion = 55;
	objects = {

/* Begin PBXBuildFile section */
		3CA0050C27DB0F8B0073F8A4 /* ZRAPPListApp.swift in Sources */ = {isa = PBXBuildFile; fileRef = 3CA0050B27DB0F8B0073F8A4 /* ZRAPPListApp.swift */; };
		3CA0050E27DB0F8B0073F8A4 /* ContentView.swift in Sources */ = {isa = PBXBuildFile; fileRef = 3CA0050D27DB0F8B0073F8A4 /* ContentView.swift */; };
		3CA0051027DB0F8C0073F8A4 /* Assets.xcassets in Resources */ = {isa = PBXBuildFile; fileRef = 3CA0050F27DB0F8C0073F8A4 /* Assets.xcassets */; };
		3CA0051327DB0F8C0073F8A4 /* Preview Assets.xcassets in Resources */ = {isa = PBXBuildFile; fileRef = 3CA0051227DB0F8C0073F8A4 /* Preview Assets.xcassets */; };
		3CA0051D27DB0F8C0073F8A4 /* ZRAPPListTests.swift in Sources */ = {isa = PBXBuildFile; fileRef = 3CA0051C27DB0F8C0073F8A4 /* ZRAPPListTests.swift */; };
		3CA0052727DB0F8C0073F8A4 /* ZRAPPListUITests.swift in Sources */ = {isa = PBXBuildFile; fileRef = 3CA0052627DB0F8C0073F8A4 /* ZRAPPListUITests.swift */; };
		3CA0052927DB0F8C0073F8A4 /* ZRAPPListUITestsLaunchTests.swift in Sources */ = {isa = PBXBuildFile; fileRef = 3CA0052827DB0F8C0073F8A4 /* ZRAPPListUITestsLaunchTests.swift */; };
		3CA0053627DB0FBB0073F8A4 /* ZRListView.swift in Sources */ = {isa = PBXBuildFile; fileRef = 3CA0053527DB0FBB0073F8A4 /* ZRListView.swift */; };
		3CA0053A27DB1AE90073F8A4 /* ZRAPPListDataMgr.swift in Sources */ = {isa = PBXBuildFile; fileRef = 3CA0053927DB1AE90073F8A4 /* ZRAPPListDataMgr.swift */; };
		3CA0053C27DB1B2B0073F8A4 /* ZRAPPListViewModel.swift in Sources */ = {isa = PBXBuildFile; fileRef = 3CA0053B27DB1B2B0073F8A4 /* ZRAPPListViewModel.swift */; };
		3CA0053E27DB1C4C0073F8A4 /* data.json in Resources */ = {isa = PBXBuildFile; fileRef = 3CA0053D27DB1C4C0073F8A4 /* data.json */; };
		3CA0054427DB42250073F8A4 /* CleanJSON in Frameworks */ = {isa = PBXBuildFile; productRef = 3CA0054327DB42250073F8A4 /* CleanJSON */; };
/* End PBXBuildFile section */

/* Begin PBXContainerItemProxy section */
		3CA0051927DB0F8C0073F8A4 /* PBXContainerItemProxy */ = {
			isa = PBXContainerItemProxy;
			containerPortal = 3CA0050027DB0F8B0073F8A4 /* Project object */;
			proxyType = 1;
			remoteGlobalIDString = 3CA0050727DB0F8B0073F8A4;
			remoteInfo = ZRAPPList;
		};
		3CA0052327DB0F8C0073F8A4 /* PBXContainerItemProxy */ = {
			isa = PBXContainerItemProxy;
			containerPortal = 3CA0050027DB0F8B0073F8A4 /* Project object */;
			proxyType = 1;
			remoteGlobalIDString = 3CA0050727DB0F8B0073F8A4;
			remoteInfo = ZRAPPList;
		};
/* End PBXContainerItemProxy section */

/* Begin PBXFileReference section */
		3CA0050827DB0F8B0073F8A4 /* ZRAPPList.app */ = {isa = PBXFileReference; explicitFileType = wrapper.application; includeInIndex = 0; path = ZRAPPList.app; sourceTree = BUILT_PRODUCTS_DIR; };
		3CA0050B27DB0F8B0073F8A4 /* ZRAPPListApp.swift */ = {isa = PBXFileReference; lastKnownFileType = sourcecode.swift; path = ZRAPPListApp.swift; sourceTree = "<group>"; };
		3CA0050D27DB0F8B0073F8A4 /* ContentView.swift */ = {isa = PBXFileReference; lastKnownFileType = sourcecode.swift; path = ContentView.swift; sourceTree = "<group>"; };
		3CA0050F27DB0F8C0073F8A4 /* Assets.xcassets */ = {isa = PBXFileReference; lastKnownFileType = folder.assetcatalog; path = Assets.xcassets; sourceTree = "<group>"; };
		3CA0051227DB0F8C0073F8A4 /* Preview Assets.xcassets */ = {isa = PBXFileReference; lastKnownFileType = folder.assetcatalog; path = "Preview Assets.xcassets"; sourceTree = "<group>"; };
		3CA0051827DB0F8C0073F8A4 /* ZRAPPListTests.xctest */ = {isa = PBXFileReference; explicitFileType = wrapper.cfbundle; includeInIndex = 0; path = ZRAPPListTests.xctest; sourceTree = BUILT_PRODUCTS_DIR; };
		3CA0051C27DB0F8C0073F8A4 /* ZRAPPListTests.swift */ = {isa = PBXFileReference; lastKnownFileType = sourcecode.swift; path = ZRAPPListTests.swift; sourceTree = "<group>"; };
		3CA0052227DB0F8C0073F8A4 /* ZRAPPListUITests.xctest */ = {isa = PBXFileReference; explicitFileType = wrapper.cfbundle; includeInIndex = 0; path = ZRAPPListUITests.xctest; sourceTree = BUILT_PRODUCTS_DIR; };
		3CA0052627DB0F8C0073F8A4 /* ZRAPPListUITests.swift */ = {isa = PBXFileReference; lastKnownFileType = sourcecode.swift; path = ZRAPPListUITests.swift; sourceTree = "<group>"; };
		3CA0052827DB0F8C0073F8A4 /* ZRAPPListUITestsLaunchTests.swift */ = {isa = PBXFileReference; lastKnownFileType = sourcecode.swift; path = ZRAPPListUITestsLaunchTests.swift; sourceTree = "<group>"; };
		3CA0053527DB0FBB0073F8A4 /* ZRListView.swift */ = {isa = PBXFileReference; lastKnownFileType = sourcecode.swift; path = ZRListView.swift; sourceTree = "<group>"; };
		3CA0053927DB1AE90073F8A4 /* ZRAPPListDataMgr.swift */ = {isa = PBXFileReference; lastKnownFileType = sourcecode.swift; path = ZRAPPListDataMgr.swift; sourceTree = "<group>"; };
		3CA0053B27DB1B2B0073F8A4 /* ZRAPPListViewModel.swift */ = {isa = PBXFileReference; lastKnownFileType = sourcecode.swift; path = ZRAPPListViewModel.swift; sourceTree = "<group>"; };
		3CA0053D27DB1C4C0073F8A4 /* data.json */ = {isa = PBXFileReference; fileEncoding = 4; lastKnownFileType = text.json; path = data.json; sourceTree = "<group>"; };
/* End PBXFileReference section */

/* Begin PBXFrameworksBuildPhase section */
		3CA0050527DB0F8B0073F8A4 /* Frameworks */ = {
			isa = PBXFrameworksBuildPhase;
			buildActionMask = 2147483647;
			files = (
				3CA0054427DB42250073F8A4 /* CleanJSON in Frameworks */,
			);
			runOnlyForDeploymentPostprocessing = 0;
		};
		3CA0051527DB0F8C0073F8A4 /* Frameworks */ = {
			isa = PBXFrameworksBuildPhase;
			buildActionMask = 2147483647;
			files = (
			);
			runOnlyForDeploymentPostprocessing = 0;
		};
		3CA0051F27DB0F8C0073F8A4 /* Frameworks */ = {
			isa = PBXFrameworksBuildPhase;
			buildActionMask = 2147483647;
			files = (
			);
			runOnlyForDeploymentPostprocessing = 0;
		};
/* End PBXFrameworksBuildPhase section */

/* Begin PBXGroup section */
		3CA004FF27DB0F8B0073F8A4 = {
			isa = PBXGroup;
			children = (
				3CA0050A27DB0F8B0073F8A4 /* ZRAPPList */,
				3CA0051B27DB0F8C0073F8A4 /* ZRAPPListTests */,
				3CA0052527DB0F8C0073F8A4 /* ZRAPPListUITests */,
				3CA0050927DB0F8B0073F8A4 /* Products */,
			);
			sourceTree = "<group>";
		};
		3CA0050927DB0F8B0073F8A4 /* Products */ = {
			isa = PBXGroup;
			children = (
				3CA0050827DB0F8B0073F8A4 /* ZRAPPList.app */,
				3CA0051827DB0F8C0073F8A4 /* ZRAPPListTests.xctest */,
				3CA0052227DB0F8C0073F8A4 /* ZRAPPListUITests.xctest */,
			);
			name = Products;
			sourceTree = "<group>";
		};
		3CA0050A27DB0F8B0073F8A4 /* ZRAPPList */ = {
			isa = PBXGroup;
			children = (
				3CA0053D27DB1C4C0073F8A4 /* data.json */,
				3CA0050B27DB0F8B0073F8A4 /* ZRAPPListApp.swift */,
				3CA0050D27DB0F8B0073F8A4 /* ContentView.swift */,
				3CA0050F27DB0F8C0073F8A4 /* Assets.xcassets */,
				3CA0051127DB0F8C0073F8A4 /* Preview Content */,
				3CA0053527DB0FBB0073F8A4 /* ZRListView.swift */,
				3CA0053927DB1AE90073F8A4 /* ZRAPPListDataMgr.swift */,
				3CA0053B27DB1B2B0073F8A4 /* ZRAPPListViewModel.swift */,
			);
			path = ZRAPPList;
			sourceTree = "<group>";
		};
		3CA0051127DB0F8C0073F8A4 /* Preview Content */ = {
			isa = PBXGroup;
			children = (
				3CA0051227DB0F8C0073F8A4 /* Preview Assets.xcassets */,
			);
			path = "Preview Content";
			sourceTree = "<group>";
		};
		3CA0051B27DB0F8C0073F8A4 /* ZRAPPListTests */ = {
			isa = PBXGroup;
			children = (
				3CA0051C27DB0F8C0073F8A4 /* ZRAPPListTests.swift */,
			);
			path = ZRAPPListTests;
			sourceTree = "<group>";
		};
		3CA0052527DB0F8C0073F8A4 /* ZRAPPListUITests */ = {
			isa = PBXGroup;
			children = (
				3CA0052627DB0F8C0073F8A4 /* ZRAPPListUITests.swift */,
				3CA0052827DB0F8C0073F8A4 /* ZRAPPListUITestsLaunchTests.swift */,
			);
			path = ZRAPPListUITests;
			sourceTree = "<group>";
		};
/* End PBXGroup section */

/* Begin PBXNativeTarget section */
		3CA0050727DB0F8B0073F8A4 /* ZRAPPList */ = {
			isa = PBXNativeTarget;
			buildConfigurationList = 3CA0052C27DB0F8C0073F8A4 /* Build configuration list for PBXNativeTarget "ZRAPPList" */;
			buildPhases = (
				3CA0050427DB0F8B0073F8A4 /* Sources */,
				3CA0050527DB0F8B0073F8A4 /* Frameworks */,
				3CA0050627DB0F8B0073F8A4 /* Resources */,
			);
			buildRules = (
			);
			dependencies = (
			);
			name = ZRAPPList;
			packageProductDependencies = (
				3CA0054327DB42250073F8A4 /* CleanJSON */,
			);
			productName = ZRAPPList;
			productReference = 3CA0050827DB0F8B0073F8A4 /* ZRAPPList.app */;
			productType = "com.apple.product-type.application";
		};
		3CA0051727DB0F8C0073F8A4 /* ZRAPPListTests */ = {
			isa = PBXNativeTarget;
			buildConfigurationList = 3CA0052F27DB0F8C0073F8A4 /* Build configuration list for PBXNativeTarget "ZRAPPListTests" */;
			buildPhases = (
				3CA0051427DB0F8C0073F8A4 /* Sources */,
				3CA0051527DB0F8C0073F8A4 /* Frameworks */,
				3CA0051627DB0F8C0073F8A4 /* Resources */,
			);
			buildRules = (
			);
			dependencies = (
				3CA0051A27DB0F8C0073F8A4 /* PBXTargetDependency */,
			);
			name = ZRAPPListTests;
			productName = ZRAPPListTests;
			productReference = 3CA0051827DB0F8C0073F8A4 /* ZRAPPListTests.xctest */;
			productType = "com.apple.product-type.bundle.unit-test";
		};
		3CA0052127DB0F8C0073F8A4 /* ZRAPPListUITests */ = {
			isa = PBXNativeTarget;
			buildConfigurationList = 3CA0053227DB0F8C0073F8A4 /* Build configuration list for PBXNativeTarget "ZRAPPListUITests" */;
			buildPhases = (
				3CA0051E27DB0F8C0073F8A4 /* Sources */,
				3CA0051F27DB0F8C0073F8A4 /* Frameworks */,
				3CA0052027DB0F8C0073F8A4 /* Resources */,
			);
			buildRules = (
			);
			dependencies = (
				3CA0052427DB0F8C0073F8A4 /* PBXTargetDependency */,
			);
			name = ZRAPPListUITests;
			productName = ZRAPPListUITests;
			productReference = 3CA0052227DB0F8C0073F8A4 /* ZRAPPListUITests.xctest */;
			productType = "com.apple.product-type.bundle.ui-testing";
		};
/* End PBXNativeTarget section */

/* Begin PBXProject section */
		3CA0050027DB0F8B0073F8A4 /* Project object */ = {
			isa = PBXProject;
			attributes = {
				BuildIndependentTargetsInParallel = 1;
				LastSwiftUpdateCheck = 1320;
				LastUpgradeCheck = 1320;
				TargetAttributes = {
					3CA0050727DB0F8B0073F8A4 = {
						CreatedOnToolsVersion = 13.2.1;
					};
					3CA0051727DB0F8C0073F8A4 = {
						CreatedOnToolsVersion = 13.2.1;
						TestTargetID = 3CA0050727DB0F8B0073F8A4;
					};
					3CA0052127DB0F8C0073F8A4 = {
						CreatedOnToolsVersion = 13.2.1;
						TestTargetID = 3CA0050727DB0F8B0073F8A4;
					};
				};
			};
			buildConfigurationList = 3CA0050327DB0F8B0073F8A4 /* Build configuration list for PBXProject "ZRAPPList" */;
			compatibilityVersion = "Xcode 13.0";
			developmentRegion = en;
			hasScannedForEncodings = 0;
			knownRegions = (
				en,
				Base,
			);
			mainGroup = 3CA004FF27DB0F8B0073F8A4;
			packageReferences = (
				3CA0054227DB42250073F8A4 /* XCRemoteSwiftPackageReference "CleanJSON" */,
			);
			productRefGroup = 3CA0050927DB0F8B0073F8A4 /* Products */;
			projectDirPath = "";
			projectRoot = "";
			targets = (
				3CA0050727DB0F8B0073F8A4 /* ZRAPPList */,
				3CA0051727DB0F8C0073F8A4 /* ZRAPPListTests */,
				3CA0052127DB0F8C0073F8A4 /* ZRAPPListUITests */,
			);
		};
/* End PBXProject section */

/* Begin PBXResourcesBuildPhase section */
		3CA0050627DB0F8B0073F8A4 /* Resources */ = {
			isa = PBXResourcesBuildPhase;
			buildActionMask = 2147483647;
			files = (
				3CA0051327DB0F8C0073F8A4 /* Preview Assets.xcassets in Resources */,
				3CA0053E27DB1C4C0073F8A4 /* data.json in Resources */,
				3CA0051027DB0F8C0073F8A4 /* Assets.xcassets in Resources */,
			);
			runOnlyForDeploymentPostprocessing = 0;
		};
		3CA0051627DB0F8C0073F8A4 /* Resources */ = {
			isa = PBXResourcesBuildPhase;
			buildActionMask = 2147483647;
			files = (
			);
			runOnlyForDeploymentPostprocessing = 0;
		};
		3CA0052027DB0F8C0073F8A4 /* Resources */ = {
			isa = PBXResourcesBuildPhase;
			buildActionMask = 2147483647;
			files = (
			);
			runOnlyForDeploymentPostprocessing = 0;
		};
/* End PBXResourcesBuildPhase section */

/* Begin PBXSourcesBuildPhase section */
		3CA0050427DB0F8B0073F8A4 /* Sources */ = {
			isa = PBXSourcesBuildPhase;
			buildActionMask = 2147483647;
			files = (
				3CA0053C27DB1B2B0073F8A4 /* ZRAPPListViewModel.swift in Sources */,
				3CA0053627DB0FBB0073F8A4 /* ZRListView.swift in Sources */,
				3CA0050E27DB0F8B0073F8A4 /* ContentView.swift in Sources */,
				3CA0053A27DB1AE90073F8A4 /* ZRAPPListDataMgr.swift in Sources */,
				3CA0050C27DB0F8B0073F8A4 /* ZRAPPListApp.swift in Sources */,
			);
			runOnlyForDeploymentPostprocessing = 0;
		};
		3CA0051427DB0F8C0073F8A4 /* Sources */ = {
			isa = PBXSourcesBuildPhase;
			buildActionMask = 2147483647;
			files = (
				3CA0051D27DB0F8C0073F8A4 /* ZRAPPListTests.swift in Sources */,
			);
			runOnlyForDeploymentPostprocessing = 0;
		};
		3CA0051E27DB0F8C0073F8A4 /* Sources */ = {
			isa = PBXSourcesBuildPhase;
			buildActionMask = 2147483647;
			files = (
				3CA0052927DB0F8C0073F8A4 /* ZRAPPListUITestsLaunchTests.swift in Sources */,
				3CA0052727DB0F8C0073F8A4 /* ZRAPPListUITests.swift in Sources */,
			);
			runOnlyForDeploymentPostprocessing = 0;
		};
/* End PBXSourcesBuildPhase section */

/* Begin PBXTargetDependency section */
		3CA0051A27DB0F8C0073F8A4 /* PBXTargetDependency */ = {
			isa = PBXTargetDependency;
			target = 3CA0050727DB0F8B0073F8A4 /* ZRAPPList */;
			targetProxy = 3CA0051927DB0F8C0073F8A4 /* PBXContainerItemProxy */;
		};
		3CA0052427DB0F8C0073F8A4 /* PBXTargetDependency */ = {
			isa = PBXTargetDependency;
			target = 3CA0050727DB0F8B0073F8A4 /* ZRAPPList */;
			targetProxy = 3CA0052327DB0F8C0073F8A4 /* PBXContainerItemProxy */;
		};
/* End PBXTargetDependency section */

/* Begin XCBuildConfiguration section */
		3CA0052A27DB0F8C0073F8A4 /* Debug */ = {
			isa = XCBuildConfiguration;
			buildSettings = {
				ALWAYS_SEARCH_USER_PATHS = NO;
				CLANG_ANALYZER_NONNULL = YES;
				CLANG_ANALYZER_NUMBER_OBJECT_CONVERSION = YES_AGGRESSIVE;
				CLANG_CXX_LANGUAGE_STANDARD = "gnu++17";
				CLANG_CXX_LIBRARY = "libc++";
				CLANG_ENABLE_MODULES = YES;
				CLANG_ENABLE_OBJC_ARC = YES;
				CLANG_ENABLE_OBJC_WEAK = YES;
				CLANG_WARN_BLOCK_CAPTURE_AUTORELEASING = YES;
				CLANG_WARN_BOOL_CONVERSION = YES;
				CLANG_WARN_COMMA = YES;
				CLANG_WARN_CONSTANT_CONVERSION = YES;
				CLANG_WARN_DEPRECATED_OBJC_IMPLEMENTATIONS = YES;
				CLANG_WARN_DIRECT_OBJC_ISA_USAGE = YES_ERROR;
				CLANG_WARN_DOCUMENTATION_COMMENTS = YES;
				CLANG_WARN_EMPTY_BODY = YES;
				CLANG_WARN_ENUM_CONVERSION = YES;
				CLANG_WARN_INFINITE_RECURSION = YES;
				CLANG_WARN_INT_CONVERSION = YES;
				CLANG_WARN_NON_LITERAL_NULL_CONVERSION = YES;
				CLANG_WARN_OBJC_IMPLICIT_RETAIN_SELF = YES;
				CLANG_WARN_OBJC_LITERAL_CONVERSION = YES;
				CLANG_WARN_OBJC_ROOT_CLASS = YES_ERROR;
				CLANG_WARN_QUOTED_INCLUDE_IN_FRAMEWORK_HEADER = YES;
				CLANG_WARN_RANGE_LOOP_ANALYSIS = YES;
				CLANG_WARN_STRICT_PROTOTYPES = YES;
				CLANG_WARN_SUSPICIOUS_MOVE = YES;
				CLANG_WARN_UNGUARDED_AVAILABILITY = YES_AGGRESSIVE;
				CLANG_WARN_UNREACHABLE_CODE = YES;
				CLANG_WARN__DUPLICATE_METHOD_MATCH = YES;
				COPY_PHASE_STRIP = NO;
				DEBUG_INFORMATION_FORMAT = dwarf;
				ENABLE_STRICT_OBJC_MSGSEND = YES;
				ENABLE_TESTABILITY = YES;
				GCC_C_LANGUAGE_STANDARD = gnu11;
				GCC_DYNAMIC_NO_PIC = NO;
				GCC_NO_COMMON_BLOCKS = YES;
				GCC_OPTIMIZATION_LEVEL = 0;
				GCC_PREPROCESSOR_DEFINITIONS = (
					"DEBUG=1",
					"$(inherited)",
				);
				GCC_WARN_64_TO_32_BIT_CONVERSION = YES;
				GCC_WARN_ABOUT_RETURN_TYPE = YES_ERROR;
				GCC_WARN_UNDECLARED_SELECTOR = YES;
				GCC_WARN_UNINITIALIZED_AUTOS = YES_AGGRESSIVE;
				GCC_WARN_UNUSED_FUNCTION = YES;
				GCC_WARN_UNUSED_VARIABLE = YES;
				IPHONEOS_DEPLOYMENT_TARGET = 15.2;
				MTL_ENABLE_DEBUG_INFO = INCLUDE_SOURCE;
				MTL_FAST_MATH = YES;
				ONLY_ACTIVE_ARCH = YES;
				SDKROOT = iphoneos;
				SWIFT_ACTIVE_COMPILATION_CONDITIONS = DEBUG;
				SWIFT_OPTIMIZATION_LEVEL = "-Onone";
			};
			name = Debug;
		};
		3CA0052B27DB0F8C0073F8A4 /* Release */ = {
			isa = XCBuildConfiguration;
			buildSettings = {
				ALWAYS_SEARCH_USER_PATHS = NO;
				CLANG_ANALYZER_NONNULL = YES;
				CLANG_ANALYZER_NUMBER_OBJECT_CONVERSION = YES_AGGRESSIVE;
				CLANG_CXX_LANGUAGE_STANDARD = "gnu++17";
				CLANG_CXX_LIBRARY = "libc++";
				CLANG_ENABLE_MODULES = YES;
				CLANG_ENABLE_OBJC_ARC = YES;
				CLANG_ENABLE_OBJC_WEAK = YES;
				CLANG_WARN_BLOCK_CAPTURE_AUTORELEASING = YES;
				CLANG_WARN_BOOL_CONVERSION = YES;
				CLANG_WARN_COMMA = YES;
				CLANG_WARN_CONSTANT_CONVERSION = YES;
				CLANG_WARN_DEPRECATED_OBJC_IMPLEMENTATIONS = YES;
				CLANG_WARN_DIRECT_OBJC_ISA_USAGE = YES_ERROR;
				CLANG_WARN_DOCUMENTATION_COMMENTS = YES;
				CLANG_WARN_EMPTY_BODY = YES;
				CLANG_WARN_ENUM_CONVERSION = YES;
				CLANG_WARN_INFINITE_RECURSION = YES;
				CLANG_WARN_INT_CONVERSION = YES;
				CLANG_WARN_NON_LITERAL_NULL_CONVERSION = YES;
				CLANG_WARN_OBJC_IMPLICIT_RETAIN_SELF = YES;
				CLANG_WARN_OBJC_LITERAL_CONVERSION = YES;
				CLANG_WARN_OBJC_ROOT_CLASS = YES_ERROR;
				CLANG_WARN_QUOTED_INCLUDE_IN_FRAMEWORK_HEADER = YES;
				CLANG_WARN_RANGE_LOOP_ANALYSIS = YES;
				CLANG_WARN_STRICT_PROTOTYPES = YES;
				CLANG_WARN_SUSPICIOUS_MOVE = YES;
				CLANG_WARN_UNGUARDED_AVAILABILITY = YES_AGGRESSIVE;
				CLANG_WARN_UNREACHABLE_CODE = YES;
				CLANG_WARN__DUPLICATE_METHOD_MATCH = YES;
				COPY_PHASE_STRIP = NO;
				DEBUG_INFORMATION_FORMAT = "dwarf-with-dsym";
				ENABLE_NS_ASSERTIONS = NO;
				ENABLE_STRICT_OBJC_MSGSEND = YES;
				GCC_C_LANGUAGE_STANDARD = gnu11;
				GCC_NO_COMMON_BLOCKS = YES;
				GCC_WARN_64_TO_32_BIT_CONVERSION = YES;
				GCC_WARN_ABOUT_RETURN_TYPE = YES_ERROR;
				GCC_WARN_UNDECLARED_SELECTOR = YES;
				GCC_WARN_UNINITIALIZED_AUTOS = YES_AGGRESSIVE;
				GCC_WARN_UNUSED_FUNCTION = YES;
				GCC_WARN_UNUSED_VARIABLE = YES;
				IPHONEOS_DEPLOYMENT_TARGET = 15.2;
				MTL_ENABLE_DEBUG_INFO = NO;
				MTL_FAST_MATH = YES;
				SDKROOT = iphoneos;
				SWIFT_COMPILATION_MODE = wholemodule;
				SWIFT_OPTIMIZATION_LEVEL = "-O";
				VALIDATE_PRODUCT = YES;
			};
			name = Release;
		};
		3CA0052D27DB0F8C0073F8A4 /* Debug */ = {
			isa = XCBuildConfiguration;
			buildSettings = {
				ASSETCATALOG_COMPILER_APPICON_NAME = AppIcon;
				ASSETCATALOG_COMPILER_GLOBAL_ACCENT_COLOR_NAME = AccentColor;
				CODE_SIGN_STYLE = Automatic;
				CURRENT_PROJECT_VERSION = 1;
				DEVELOPMENT_ASSET_PATHS = "\"ZRAPPList/Preview Content\"";
				ENABLE_PREVIEWS = YES;
				GENERATE_INFOPLIST_FILE = YES;
				INFOPLIST_KEY_UIApplicationSceneManifest_Generation = YES;
				INFOPLIST_KEY_UIApplicationSupportsIndirectInputEvents = YES;
				INFOPLIST_KEY_UILaunchScreen_Generation = YES;
				INFOPLIST_KEY_UISupportedInterfaceOrientations_iPad = "UIInterfaceOrientationPortrait UIInterfaceOrientationPortraitUpsideDown UIInterfaceOrientationLandscapeLeft UIInterfaceOrientationLandscapeRight";
				INFOPLIST_KEY_UISupportedInterfaceOrientations_iPhone = "UIInterfaceOrientationPortrait UIInterfaceOrientationLandscapeLeft UIInterfaceOrientationLandscapeRight";
				LD_RUNPATH_SEARCH_PATHS = (
					"$(inherited)",
					"@executable_path/Frameworks",
				);
				MARKETING_VERSION = 1.0;
				PRODUCT_BUNDLE_IDENTIFIER = com.zhbyak.ZRAPPList;
				PRODUCT_NAME = "$(TARGET_NAME)";
				SWIFT_EMIT_LOC_STRINGS = YES;
				SWIFT_VERSION = 5.0;
				TARGETED_DEVICE_FAMILY = "1,2";
			};
			name = Debug;
		};
		3CA0052E27DB0F8C0073F8A4 /* Release */ = {
			isa = XCBuildConfiguration;
			buildSettings = {
				ASSETCATALOG_COMPILER_APPICON_NAME = AppIcon;
				ASSETCATALOG_COMPILER_GLOBAL_ACCENT_COLOR_NAME = AccentColor;
				CODE_SIGN_STYLE = Automatic;
				CURRENT_PROJECT_VERSION = 1;
				DEVELOPMENT_ASSET_PATHS = "\"ZRAPPList/Preview Content\"";
				ENABLE_PREVIEWS = YES;
				GENERATE_INFOPLIST_FILE = YES;
				INFOPLIST_KEY_UIApplicationSceneManifest_Generation = YES;
				INFOPLIST_KEY_UIApplicationSupportsIndirectInputEvents = YES;
				INFOPLIST_KEY_UILaunchScreen_Generation = YES;
				INFOPLIST_KEY_UISupportedInterfaceOrientations_iPad = "UIInterfaceOrientationPortrait UIInterfaceOrientationPortraitUpsideDown UIInterfaceOrientationLandscapeLeft UIInterfaceOrientationLandscapeRight";
				INFOPLIST_KEY_UISupportedInterfaceOrientations_iPhone = "UIInterfaceOrientationPortrait UIInterfaceOrientationLandscapeLeft UIInterfaceOrientationLandscapeRight";
				LD_RUNPATH_SEARCH_PATHS = (
					"$(inherited)",
					"@executable_path/Frameworks",
				);
				MARKETING_VERSION = 1.0;
				PRODUCT_BUNDLE_IDENTIFIER = com.zhbyak.ZRAPPList;
				PRODUCT_NAME = "$(TARGET_NAME)";
				SWIFT_EMIT_LOC_STRINGS = YES;
				SWIFT_VERSION = 5.0;
				TARGETED_DEVICE_FAMILY = "1,2";
			};
			name = Release;
		};
		3CA0053027DB0F8C0073F8A4 /* Debug */ = {
			isa = XCBuildConfiguration;
			buildSettings = {
				ALWAYS_EMBED_SWIFT_STANDARD_LIBRARIES = YES;
				BUNDLE_LOADER = "$(TEST_HOST)";
				CODE_SIGN_STYLE = Automatic;
				CURRENT_PROJECT_VERSION = 1;
				GENERATE_INFOPLIST_FILE = YES;
				IPHONEOS_DEPLOYMENT_TARGET = 15.2;
				MARKETING_VERSION = 1.0;
				PRODUCT_BUNDLE_IDENTIFIER = com.zhbyak.ZRAPPListTests;
				PRODUCT_NAME = "$(TARGET_NAME)";
				SWIFT_EMIT_LOC_STRINGS = NO;
				SWIFT_VERSION = 5.0;
				TARGETED_DEVICE_FAMILY = "1,2";
				TEST_HOST = "$(BUILT_PRODUCTS_DIR)/ZRAPPList.app/ZRAPPList";
			};
			name = Debug;
		};
		3CA0053127DB0F8C0073F8A4 /* Release */ = {
			isa = XCBuildConfiguration;
			buildSettings = {
				ALWAYS_EMBED_SWIFT_STANDARD_LIBRARIES = YES;
				BUNDLE_LOADER = "$(TEST_HOST)";
				CODE_SIGN_STYLE = Automatic;
				CURRENT_PROJECT_VERSION = 1;
				GENERATE_INFOPLIST_FILE = YES;
				IPHONEOS_DEPLOYMENT_TARGET = 15.2;
				MARKETING_VERSION = 1.0;
				PRODUCT_BUNDLE_IDENTIFIER = com.zhbyak.ZRAPPListTests;
				PRODUCT_NAME = "$(TARGET_NAME)";
				SWIFT_EMIT_LOC_STRINGS = NO;
				SWIFT_VERSION = 5.0;
				TARGETED_DEVICE_FAMILY = "1,2";
				TEST_HOST = "$(BUILT_PRODUCTS_DIR)/ZRAPPList.app/ZRAPPList";
			};
			name = Release;
		};
		3CA0053327DB0F8C0073F8A4 /* Debug */ = {
			isa = XCBuildConfiguration;
			buildSettings = {
				ALWAYS_EMBED_SWIFT_STANDARD_LIBRARIES = YES;
				CODE_SIGN_STYLE = Automatic;
				CURRENT_PROJECT_VERSION = 1;
				GENERATE_INFOPLIST_FILE = YES;
				MARKETING_VERSION = 1.0;
				PRODUCT_BUNDLE_IDENTIFIER = com.zhbyak.ZRAPPListUITests;
				PRODUCT_NAME = "$(TARGET_NAME)";
				SWIFT_EMIT_LOC_STRINGS = NO;
				SWIFT_VERSION = 5.0;
				TARGETED_DEVICE_FAMILY = "1,2";
				TEST_TARGET_NAME = ZRAPPList;
			};
			name = Debug;
		};
		3CA0053427DB0F8C0073F8A4 /* Release */ = {
			isa = XCBuildConfiguration;
			buildSettings = {
				ALWAYS_EMBED_SWIFT_STANDARD_LIBRARIES = YES;
				CODE_SIGN_STYLE = Automatic;
				CURRENT_PROJECT_VERSION = 1;
				GENERATE_INFOPLIST_FILE = YES;
				MARKETING_VERSION = 1.0;
				PRODUCT_BUNDLE_IDENTIFIER = com.zhbyak.ZRAPPListUITests;
				PRODUCT_NAME = "$(TARGET_NAME)";
				SWIFT_EMIT_LOC_STRINGS = NO;
				SWIFT_VERSION = 5.0;
				TARGETED_DEVICE_FAMILY = "1,2";
				TEST_TARGET_NAME = ZRAPPList;
			};
			name = Release;
		};
/* End XCBuildConfiguration section */

/* Begin XCConfigurationList section */
		3CA0050327DB0F8B0073F8A4 /* Build configuration list for PBXProject "ZRAPPList" */ = {
			isa = XCConfigurationList;
			buildConfigurations = (
				3CA0052A27DB0F8C0073F8A4 /* Debug */,
				3CA0052B27DB0F8C0073F8A4 /* Release */,
			);
			defaultConfigurationIsVisible = 0;
			defaultConfigurationName = Release;
		};
		3CA0052C27DB0F8C0073F8A4 /* Build configuration list for PBXNativeTarget "ZRAPPList" */ = {
			isa = XCConfigurationList;
			buildConfigurations = (
				3CA0052D27DB0F8C0073F8A4 /* Debug */,
				3CA0052E27DB0F8C0073F8A4 /* Release */,
			);
			defaultConfigurationIsVisible = 0;
			defaultConfigurationName = Release;
		};
		3CA0052F27DB0F8C0073F8A4 /* Build configuration list for PBXNativeTarget "ZRAPPListTests" */ = {
			isa = XCConfigurationList;
			buildConfigurations = (
				3CA0053027DB0F8C0073F8A4 /* Debug */,
				3CA0053127DB0F8C0073F8A4 /* Release */,
			);
			defaultConfigurationIsVisible = 0;
			defaultConfigurationName = Release;
		};
		3CA0053227DB0F8C0073F8A4 /* Build configuration list for PBXNativeTarget "ZRAPPListUITests" */ = {
			isa = XCConfigurationList;
			buildConfigurations = (
				3CA0053327DB0F8C0073F8A4 /* Debug */,
				3CA0053427DB0F8C0073F8A4 /* Release */,
			);
			defaultConfigurationIsVisible = 0;
			defaultConfigurationName = Release;
		};
/* End XCConfigurationList section */

/* Begin XCRemoteSwiftPackageReference section */
		3CA0054227DB42250073F8A4 /* XCRemoteSwiftPackageReference "CleanJSON" */ = {
			isa = XCRemoteSwiftPackageReference;
			repositoryURL = "https://github.com/Pircate/CleanJSON";
			requirement = {
				branch = master;
				kind = branch;
			};
		};
/* End XCRemoteSwiftPackageReference section */

/* Begin XCSwiftPackageProductDependency section */
		3CA0054327DB42250073F8A4 /* CleanJSON */ = {
			isa = XCSwiftPackageProductDependency;
			package = 3CA0054227DB42250073F8A4 /* XCRemoteSwiftPackageReference "CleanJSON" */;
			productName = CleanJSON;
		};
/* End XCSwiftPackageProductDependency section */
	};
	rootObject = 3CA0050027DB0F8B0073F8A4 /* Project object */;
}
